
Microsoft Visual Studio Solution File, Format Version 12.00
# Visual Studio Version 17
VisualStudioVersion = 17.8.34511.84
MinimumVisualStudioVersion = 10.0.40219.1
Project("{FAE04EC0-301F-11D3-BF4B-00C04F79EFBC}") = "Lesson7", "Lesson7.csproj", "{A913BF5A-1FAC-48B6-998E-ACF004765328}"
EndProject
Global
	GlobalSection(SolutionConfigurationPlatforms) = preSolution
		Debug|Any CPU = Debug|Any CPU
		Release|Any CPU = Release|Any CPU
	EndGlobalSection
	GlobalSection(ProjectConfigurationPlatforms) = postSolution
		{A913BF5A-1FAC-48B6-998E-ACF004765328}.Debug|Any CPU.ActiveCfg = Debug|Any CPU
		{A913BF5A-1FAC-48B6-998E-ACF004765328}.Debug|Any CPU.Build.0 = Debug|Any CPU
		{A913BF5A-1FAC-48B6-998E-ACF004765328}.Release|Any CPU.ActiveCfg = Release|Any CPU
		{A913BF5A-1FAC-48B6-998E-ACF004765328}.Release|Any CPU.Build.0 = Release|Any CPU
	EndGlobalSection
	GlobalSection(SolutionProperties) = preSolution
		HideSolutionNode = FALSE
	EndGlobalSection
	GlobalSection(ExtensibilityGlobals) = postSolution
		SolutionGuid = {FAC38073-B6F8-4299-BF6F-C5AAE9804E80}
	EndGlobalSection
EndGlobal
